Microsoft Visual Studio Solution File, Format Version 12.00
# Visual Studio Version 17
VisualStudioVersion = 17.13.35828.75
MinimumVisualStudioVersion = 10.0.40219.1
Project("{888888A0-9F3D-457C-B088-3A5042F75D52}") = "Life_game", "Life_game.pyproj", "{CC755CE3-1DEA-4A31-9168-412EECBF0FF2}"
EndProject
Global
	GlobalSection(SolutionConfigurationPlatforms) = preSolution
		Debug|Any CPU = Debug|Any CPU
		Release|Any CPU = Release|Any CPU
	EndGlobalSection
	GlobalSection(ProjectConfigurationPlatforms) = postSolution
		{CC755CE3-1DEA-4A31-9168-412EECBF0FF2}.Debug|Any CPU.ActiveCfg = Debug|Any CPU
		{CC755CE3-1DEA-4A31-9168-412EECBF0FF2}.Release|Any CPU.ActiveCfg = Release|Any CPU
	EndGlobalSection
	GlobalSection(SolutionProperties) = preSolution
		HideSolutionNode = FALSE
	EndGlobalSection
	GlobalSection(ExtensibilityGlobals) = postSolution
		SolutionGuid = {57DA7EF9-FA48-45AF-B10D-EED869DFD52C}
	EndGlobalSection
EndGlobal
